
Microsoft Visual Studio Solution File, Format Version 12.00
# Visual Studio 15
VisualStudioVersion = 15.0.27130.2027
MinimumVisualStudioVersion = 10.0.40219.1
Project("{FAE04EC0-301F-11D3-BF4B-00C04F79EFBC}") = "WindowsFormsControlLibrary1", "WindowsFormsControlLibrary1\WindowsFormsControlLibrary1.csproj", "{0409F93C-1B84-4359-929F-4B2A8A7A8C8B}"
EndProject
Global
	GlobalSection(SolutionConfigurationPlatforms) = preSolution
		Debug|Any CPU = Debug|Any CPU
		Release|Any CPU = Release|Any CPU
	EndGlobalSection
	GlobalSection(ProjectConfigurationPlatforms) = postSolution
		{0409F93C-1B84-4359-929F-4B2A8A7A8C8B}.Debug|Any CPU.ActiveCfg = Debug|Any CPU
		{0409F93C-1B84-4359-929F-4B2A8A7A8C8B}.Debug|Any CPU.Build.0 = Debug|Any CPU
		{0409F93C-1B84-4359-929F-4B2A8A7A8C8B}.Release|Any CPU.ActiveCfg = Release|Any CPU
		{0409F93C-1B84-4359-929F-4B2A8A7A8C8B}.Release|Any CPU.Build.0 = Release|Any CPU
	EndGlobalSection
	GlobalSection(SolutionProperties) = preSolution
		HideSolutionNode = FALSE
	EndGlobalSection
	GlobalSection(ExtensibilityGlobals) = postSolution
		SolutionGuid = {2D3068E6-C99A-4E7F-AAEC-BA96E676D9D1}
	EndGlobalSection
EndGlobal
